
Microsoft Visual Studio Solution File, Format Version 12.00
# Visual Studio Version 16
VisualStudioVersion = 16.0.34301.259
MinimumVisualStudioVersion = 10.0.40219.1
Project("{9A19103F-16F7-4668-BE54-9A1E7A4F7556}") = "AvaliacaoFinalTU", "AvaliacaoFinalTU\AvaliacaoFinalTU.csproj", "{9DC844A9-095E-4525-8072-8FDB3451236F}"
EndProject
Project("{FAE04EC0-301F-11D3-BF4B-00C04F79EFBC}") = "AvaliacaoFinalTU.Tests", "AvaliacaoFinalTU.Tests\AvaliacaoFinalTU.Tests.csproj", "{FFDAFBEA-4EF8-46B0-B8EF-0829DE8EB550}"
EndProject
Global
	GlobalSection(SolutionConfigurationPlatforms) = preSolution
		Debug|Any CPU = Debug|Any CPU
		Release|Any CPU = Release|Any CPU
	EndGlobalSection
	GlobalSection(ProjectConfigurationPlatforms) = postSolution
		{9DC844A9-095E-4525-8072-8FDB3451236F}.Debug|Any CPU.ActiveCfg = Debug|Any CPU
		{9DC844A9-095E-4525-8072-8FDB3451236F}.Debug|Any CPU.Build.0 = Debug|Any CPU
		{9DC844A9-095E-4525-8072-8FDB3451236F}.Release|Any CPU.ActiveCfg = Release|Any CPU
		{9DC844A9-095E-4525-8072-8FDB3451236F}.Release|Any CPU.Build.0 = Release|Any CPU
		{FFDAFBEA-4EF8-46B0-B8EF-0829DE8EB550}.Debug|Any CPU.ActiveCfg = Debug|Any CPU
		{FFDAFBEA-4EF8-46B0-B8EF-0829DE8EB550}.Debug|Any CPU.Build.0 = Debug|Any CPU
		{FFDAFBEA-4EF8-46B0-B8EF-0829DE8EB550}.Release|Any CPU.ActiveCfg = Release|Any CPU
		{FFDAFBEA-4EF8-46B0-B8EF-0829DE8EB550}.Release|Any CPU.Build.0 = Release|Any CPU
	EndGlobalSection
	GlobalSection(SolutionProperties) = preSolution
		HideSolutionNode = FALSE
	EndGlobalSection
	GlobalSection(ExtensibilityGlobals) = postSolution
		SolutionGuid = {69A84FB2-CE64-4CFC-A759-E9F470DF6831}
	EndGlobalSection
EndGlobal
